
Microsoft Visual Studio Solution File, Format Version 12.00
# Visual Studio 15
VisualStudioVersion = 15.0.28307.421
MinimumVisualStudioVersion = 10.0.40219.1
Project("{FAE04EC0-301F-11D3-BF4B-00C04F79EFBC}") = "Finance.Android", "Finance\Finance.Android\Finance.Android.csproj", "{E650E593-32BA-486D-99DC-314A9BEFC482}"
EndProject
Project("{FAE04EC0-301F-11D3-BF4B-00C04F79EFBC}") = "Finance.iOS", "Finance\Finance.iOS\Finance.iOS.csproj", "{B5BCDC14-9D35-4F74-B569-7204307C3093}"
EndProject
Project("{FAE04EC0-301F-11D3-BF4B-00C04F79EFBC}") = "Finance", "Finance\Finance\Finance.csproj", "{FC2BCF01-8A6B-4B1F-846D-589B22E35200}"
EndProject
Global
	GlobalSection(SolutionConfigurationPlatforms) = preSolution
		Ad-Hoc|Any CPU = Ad-Hoc|Any CPU
		Ad-Hoc|iPhone = Ad-Hoc|iPhone
		Ad-Hoc|iPhoneSimulator = Ad-Hoc|iPhoneSimulator
		AppStore|Any CPU = AppStore|Any CPU
		AppStore|iPhone = AppStore|iPhone
		AppStore|iPhoneSimulator = AppStore|iPhoneSimulator
		Debug|Any CPU = Debug|Any CPU
		Debug|iPhone = Debug|iPhone
		Debug|iPhoneSimulator = Debug|iPhoneSimulator
		Release|Any CPU = Release|Any CPU
		Release|iPhone = Release|iPhone
		Release|iPhoneSimulator = Release|iPhoneSimulator
	EndGlobalSection
	GlobalSection(ProjectConfigurationPlatforms) = postSolution
		{E650E593-32BA-486D-99DC-314A9BEFC482}.Ad-Hoc|Any CPU.ActiveCfg = Release|Any CPU
		{E650E593-32BA-486D-99DC-314A9BEFC482}.Ad-Hoc|Any CPU.Build.0 = Release|Any CPU
		{E650E593-32BA-486D-99DC-314A9BEFC482}.Ad-Hoc|Any CPU.Deploy.0 = Release|Any CPU
		{E650E593-32BA-486D-99DC-314A9BEFC482}.Ad-Hoc|iPhone.ActiveCfg = Release|Any CPU
		{E650E593-32BA-486D-99DC-314A9BEFC482}.Ad-Hoc|iPhone.Build.0 = Release|Any CPU
		{E650E593-32BA-486D-99DC-314A9BEFC482}.Ad-Hoc|iPhone.Deploy.0 = Release|Any CPU
		{E650E593-32BA-486D-99DC-314A9BEFC482}.Ad-Hoc|iPhoneSimulator.ActiveCfg = Release|Any CPU
		{E650E593-32BA-486D-99DC-314A9BEFC482}.Ad-Hoc|iPhoneSimulator.Build.0 = Release|Any CPU
		{E650E593-32BA-486D-99DC-314A9BEFC482}.Ad-Hoc|iPhoneSimulator.Deploy.0 = Release|Any CPU
		{E650E593-32BA-486D-99DC-314A9BEFC482}.AppStore|Any CPU.ActiveCfg = Release|Any CPU
		{E650E593-32BA-486D-99DC-314A9BEFC482}.AppStore|Any CPU.Build.0 = Release|Any CPU
		{E650E593-32BA-486D-99DC-314A9BEFC482}.AppStore|Any CPU.Deploy.0 = Release|Any CPU
		{E650E593-32BA-486D-99DC-314A9BEFC482}.AppStore|iPhone.ActiveCfg = Release|Any CPU
		{E650E593-32BA-486D-99DC-314A9BEFC482}.AppStore|iPhone.Build.0 = Release|Any CPU
		{E650E593-32BA-486D-99DC-314A9BEFC482}.AppStore|iPhone.Deploy.0 = Release|Any CPU
		{E650E593-32BA-486D-99DC-314A9BEFC482}.AppStore|iPhoneSimulator.ActiveCfg = Release|Any CPU
		{E650E593-32BA-486D-99DC-314A9BEFC482}.AppStore|iPhoneSimulator.Build.0 = Release|Any CPU
		{E650E593-32BA-486D-99DC-314A9BEFC482}.AppStore|iPhoneSimulator.Deploy.0 = Release|Any CPU
		{E650E593-32BA-486D-99DC-314A9BEFC482}.Debug|Any CPU.ActiveCfg = Debug|Any CPU
		{E650E593-32BA-486D-99DC-314A9BEFC482}.Debug|Any CPU.Build.0 = Debug|Any CPU
		{E650E593-32BA-486D-99DC-314A9BEFC482}.Debug|Any CPU.Deploy.0 = Debug|Any CPU
		{E650E593-32BA-486D-99DC-314A9BEFC482}.Debug|iPhone.ActiveCfg = Debug|Any CPU
		{E650E593-32BA-486D-99DC-314A9BEFC482}.Debug|iPhone.Build.0 = Debug|Any CPU
		{E650E593-32BA-486D-99DC-314A9BEFC482}.Debug|iPhone.Deploy.0 = Debug|Any CPU
		{E650E593-32BA-486D-99DC-314A9BEFC482}.Debug|iPhoneSimulator.ActiveCfg = Debug|Any CPU
		{E650E593-32BA-486D-99DC-314A9BEFC482}.Debug|iPhoneSimulator.Build.0 = Debug|Any CPU
		{E650E593-32BA-486D-99DC-314A9BEFC482}.Debug|iPhoneSimulator.Deploy.0 = Debug|Any CPU
		{E650E593-32BA-486D-99DC-314A9BEFC482}.Release|Any CPU.ActiveCfg = Release|Any CPU
		{E650E593-32BA-486D-99DC-314A9BEFC482}.Release|Any CPU.Build.0 = Release|Any CPU
		{E650E593-32BA-486D-99DC-314A9BEFC482}.Release|Any CPU.Deploy.0 = Release|Any CPU
		{E650E593-32BA-486D-99DC-314A9BEFC482}.Release|iPhone.ActiveCfg = Release|Any CPU
		{E650E593-32BA-486D-99DC-314A9BEFC482}.Release|iPhone.Build.0 = Release|Any CPU
		{E650E593-32BA-486D-99DC-314A9BEFC482}.Release|iPhone.Deploy.0 = Release|Any CPU
		{E650E593-32BA-486D-99DC-314A9BEFC482}.Release|iPhoneSimulator.ActiveCfg = Release|Any CPU
		{E650E593-32BA-486D-99DC-314A9BEFC482}.Release|iPhoneSimulator.Build.0 = Release|Any CPU
		{E650E593-32BA-486D-99DC-314A9BEFC482}.Release|iPhoneSimulator.Deploy.0 = Release|Any CPU
		{B5BCDC14-9D35-4F74-B569-7204307C3093}.Ad-Hoc|Any CPU.ActiveCfg = Ad-Hoc|iPhone
		{B5BCDC14-9D35-4F74-B569-7204307C3093}.Ad-Hoc|Any CPU.Build.0 = Ad-Hoc|iPhone
		{B5BCDC14-9D35-4F74-B569-7204307C3093}.Ad-Hoc|Any CPU.Deploy.0 = Ad-Hoc|iPhone
		{B5BCDC14-9D35-4F74-B569-7204307C3093}.Ad-Hoc|iPhone.ActiveCfg = Ad-Hoc|iPhone
		{B5BCDC14-9D35-4F74-B569-7204307C3093}.Ad-Hoc|iPhone.Build.0 = Ad-Hoc|iPhone
		{B5BCDC14-9D35-4F74-B569-7204307C3093}.Ad-Hoc|iPhone.Deploy.0 = Ad-Hoc|iPhone
		{B5BCDC14-9D35-4F74-B569-7204307C3093}.Ad-Hoc|iPhoneSimulator.ActiveCfg = Ad-Hoc|iPhoneSimulator
		{B5BCDC14-9D35-4F74-B569-7204307C3093}.Ad-Hoc|iPhoneSimulator.Build.0 = Ad-Hoc|iPhoneSimulator
		{B5BCDC14-9D35-4F74-B569-7204307C3093}.Ad-Hoc|iPhoneSimulator.Deploy.0 = Ad-Hoc|iPhoneSimulator
		{B5BCDC14-9D35-4F74-B569-7204307C3093}.AppStore|Any CPU.ActiveCfg = AppStore|iPhone
		{B5BCDC14-9D35-4F74-B569-7204307C3093}.AppStore|Any CPU.Build.0 = AppStore|iPhone
		{B5BCDC14-9D35-4F74-B569-7204307C3093}.AppStore|Any CPU.Deploy.0 = AppStore|iPhone
		{B5BCDC14-9D35-4F74-B569-7204307C3093}.AppStore|iPhone.ActiveCfg = AppStore|iPhone
		{B5BCDC14-9D35-4F74-B569-7204307C3093}.AppStore|iPhone.Build.0 = AppStore|iPhone
		{B5BCDC14-9D35-4F74-B569-7204307C3093}.AppStore|iPhone.Deploy.0 = AppStore|iPhone
		{B5BCDC14-9D35-4F74-B569-7204307C3093}.AppStore|iPhoneSimulator.ActiveCfg = AppStore|iPhoneSimulator
		{B5BCDC14-9D35-4F74-B569-7204307C3093}.AppStore|iPhoneSimulator.Build.0 = AppStore|iPhoneSimulator
		{B5BCDC14-9D35-4F74-B569-7204307C3093}.AppStore|iPhoneSimulator.Deploy.0 = AppStore|iPhoneSimulator
		{B5BCDC14-9D35-4F74-B569-7204307C3093}.Debug|Any CPU.ActiveCfg = Debug|iPhoneSimulator
		{B5BCDC14-9D35-4F74-B569-7204307C3093}.Debug|Any CPU.Build.0 = Debug|iPhoneSimulator
		{B5BCDC14-9D35-4F74-B569-7204307C3093}.Debug|Any CPU.Deploy.0 = Debug|iPhoneSimulator
		{B5BCDC14-9D35-4F74-B569-7204307C3093}.Debug|iPhone.ActiveCfg = Debug|iPhone
		{B5BCDC14-9D35-4F74-B569-7204307C3093}.Debug|iPhone.Build.0 = Debug|iPhone
		{B5BCDC14-9D35-4F74-B569-7204307C3093}.Debug|iPhone.Deploy.0 = Debug|iPhone
		{B5BCDC14-9D35-4F74-B569-7204307C3093}.Debug|iPhoneSimulator.ActiveCfg = Debug|iPhoneSimulator
		{B5BCDC14-9D35-4F74-B569-7204307C3093}.Debug|iPhoneSimulator.Build.0 = Debug|iPhoneSimulator
		{B5BCDC14-9D35-4F74-B569-7204307C3093}.Debug|iPhoneSimulator.Deploy.0 = Debug|iPhoneSimulator
		{B5BCDC14-9D35-4F74-B569-7204307C3093}.Release|Any CPU.ActiveCfg = Release|iPhone
		{B5BCDC14-9D35-4F74-B569-7204307C3093}.Release|Any CPU.Build.0 = Release|iPhone
		{B5BCDC14-9D35-4F74-B569-7204307C3093}.Release|Any CPU.Deploy.0 = Release|iPhone
		{B5BCDC14-9D35-4F74-B569-7204307C3093}.Release|iPhone.ActiveCfg = Release|iPhone
		{B5BCDC14-9D35-4F74-B569-7204307C3093}.Release|iPhone.Build.0 = Release|iPhone
		{B5BCDC14-9D35-4F74-B569-7204307C3093}.Release|iPhone.Deploy.0 = Release|iPhone
		{B5BCDC14-9D35-4F74-B569-7204307C3093}.Release|iPhoneSimulator.ActiveCfg = Release|iPhoneSimulator
		{B5BCDC14-9D35-4F74-B569-7204307C3093}.Release|iPhoneSimulator.Build.0 = Release|iPhoneSimulator
		{B5BCDC14-9D35-4F74-B569-7204307C3093}.Release|iPhoneSimulator.Deploy.0 = Release|iPhoneSimulator
		{FC2BCF01-8A6B-4B1F-846D-589B22E35200}.Ad-Hoc|Any CPU.ActiveCfg = Debug|Any CPU
		{FC2BCF01-8A6B-4B1F-846D-589B22E35200}.Ad-Hoc|Any CPU.Build.0 = Debug|Any CPU
		{FC2BCF01-8A6B-4B1F-846D-589B22E35200}.Ad-Hoc|Any CPU.Deploy.0 = Debug|Any CPU
		{FC2BCF01-8A6B-4B1F-846D-589B22E35200}.Ad-Hoc|iPhone.ActiveCfg = Debug|Any CPU
		{FC2BCF01-8A6B-4B1F-846D-589B22E35200}.Ad-Hoc|iPhone.Build.0 = Debug|Any CPU
		{FC2BCF01-8A6B-4B1F-846D-589B22E35200}.Ad-Hoc|iPhone.Deploy.0 = Debug|Any CPU
		{FC2BCF01-8A6B-4B1F-846D-589B22E35200}.Ad-Hoc|iPhoneSimulator.ActiveCfg = Debug|Any CPU
		{FC2BCF01-8A6B-4B1F-846D-589B22E35200}.Ad-Hoc|iPhoneSimulator.Build.0 = Debug|Any CPU
		{FC2BCF01-8A6B-4B1F-846D-589B22E35200}.Ad-Hoc|iPhoneSimulator.Deploy.0 = Debug|Any CPU
		{FC2BCF01-8A6B-4B1F-846D-589B22E35200}.AppStore|Any CPU.ActiveCfg = Debug|Any CPU
		{FC2BCF01-8A6B-4B1F-846D-589B22E35200}.AppStore|Any CPU.Build.0 = Debug|Any CPU
		{FC2BCF01-8A6B-4B1F-846D-589B22E35200}.AppStore|Any CPU.Deploy.0 = Debug|Any CPU
		{FC2BCF01-8A6B-4B1F-846D-589B22E35200}.AppStore|iPhone.ActiveCfg = Debug|Any CPU
		{FC2BCF01-8A6B-4B1F-846D-589B22E35200}.AppStore|iPhone.Build.0 = Debug|Any CPU
		{FC2BCF01-8A6B-4B1F-846D-589B22E35200}.AppStore|iPhone.Deploy.0 = Debug|Any CPU
		{FC2BCF01-8A6B-4B1F-846D-589B22E35200}.AppStore|iPhoneSimulator.ActiveCfg = Debug|Any CPU
		{FC2BCF01-8A6B-4B1F-846D-589B22E35200}.AppStore|iPhoneSimulator.Build.0 = Debug|Any CPU
		{FC2BCF01-8A6B-4B1F-846D-589B22E35200}.AppStore|iPhoneSimulator.Deploy.0 = Debug|Any CPU
		{FC2BCF01-8A6B-4B1F-846D-589B22E35200}.Debug|Any CPU.ActiveCfg = Debug|Any CPU
		{FC2BCF01-8A6B-4B1F-846D-589B22E35200}.Debug|Any CPU.Build.0 = Debug|Any CPU
		{FC2BCF01-8A6B-4B1F-846D-589B22E35200}.Debug|Any CPU.Deploy.0 = Debug|Any CPU
		{FC2BCF01-8A6B-4B1F-846D-589B22E35200}.Debug|iPhone.ActiveCfg = Debug|Any CPU
		{FC2BCF01-8A6B-4B1F-846D-589B22E35200}.Debug|iPhone.Build.0 = Debug|Any CPU
		{FC2BCF01-8A6B-4B1F-846D-589B22E35200}.Debug|iPhone.Deploy.0 = Debug|Any CPU
		{FC2BCF01-8A6B-4B1F-846D-589B22E35200}.Debug|iPhoneSimulator.ActiveCfg = Debug|Any CPU
		{FC2BCF01-8A6B-4B1F-846D-589B22E35200}.Debug|iPhoneSimulator.Build.0 = Debug|Any CPU
		{FC2BCF01-8A6B-4B1F-846D-589B22E35200}.Debug|iPhoneSimulator.Deploy.0 = Debug|Any CPU
		{FC2BCF01-8A6B-4B1F-846D-589B22E35200}.Release|Any CPU.ActiveCfg = Release|Any CPU
		{FC2BCF01-8A6B-4B1F-846D-589B22E35200}.Release|Any CPU.Build.0 = Release|Any CPU
		{FC2BCF01-8A6B-4B1F-846D-589B22E35200}.Release|Any CPU.Deploy.0 = Release|Any CPU
		{FC2BCF01-8A6B-4B1F-846D-589B22E35200}.Release|iPhone.ActiveCfg = Release|Any CPU
		{FC2BCF01-8A6B-4B1F-846D-589B22E35200}.Release|iPhone.Build.0 = Release|Any CPU
		{FC2BCF01-8A6B-4B1F-846D-589B22E35200}.Release|iPhone.Deploy.0 = Release|Any CPU
		{FC2BCF01-8A6B-4B1F-846D-589B22E35200}.Release|iPhoneSimulator.ActiveCfg = Release|Any CPU
		{FC2BCF01-8A6B-4B1F-846D-589B22E35200}.Release|iPhoneSimulator.Build.0 = Release|Any CPU
		{FC2BCF01-8A6B-4B1F-846D-589B22E35200}.Release|iPhoneSimulator.Deploy.0 = Release|Any CPU
	EndGlobalSection
	GlobalSection(SolutionProperties) = preSolution
		HideSolutionNode = FALSE
	EndGlobalSection
	GlobalSection(ExtensibilityGlobals) = postSolution
		SolutionGuid = {FA778257-1F66-4A01-863A-6CC5BB50B790}
	EndGlobalSection
EndGlobal
