
Microsoft Visual Studio Solution File, Format Version 12.00
# Visual Studio 15
VisualStudioVersion = 15.0.28307.757
MinimumVisualStudioVersion = 10.0.40219.1
Project("{FAE04EC0-301F-11D3-BF4B-00C04F79EFBC}") = "Bot.Android", "Bot\Bot.Android\Bot.Android.csproj", "{94BBB37C-5BD3-41EC-BA38-DBAD6379CF63}"
EndProject
Project("{FAE04EC0-301F-11D3-BF4B-00C04F79EFBC}") = "Bot.iOS", "Bot\Bot.iOS\Bot.iOS.csproj", "{3E0FAC90-A78A-4E28-86F1-89E395CFE418}"
EndProject
Project("{FAE04EC0-301F-11D3-BF4B-00C04F79EFBC}") = "Bot", "Bot\Bot\Bot.csproj", "{B0211C92-2E0E-429F-8FE3-5FE75A14A856}"
EndProject
Global
	GlobalSection(SolutionConfigurationPlatforms) = preSolution
		Ad-Hoc|Any CPU = Ad-Hoc|Any CPU
		Ad-Hoc|iPhone = Ad-Hoc|iPhone
		Ad-Hoc|iPhoneSimulator = Ad-Hoc|iPhoneSimulator
		AppStore|Any CPU = AppStore|Any CPU
		AppStore|iPhone = AppStore|iPhone
		AppStore|iPhoneSimulator = AppStore|iPhoneSimulator
		Debug|Any CPU = Debug|Any CPU
		Debug|iPhone = Debug|iPhone
		Debug|iPhoneSimulator = Debug|iPhoneSimulator
		Release|Any CPU = Release|Any CPU
		Release|iPhone = Release|iPhone
		Release|iPhoneSimulator = Release|iPhoneSimulator
	EndGlobalSection
	GlobalSection(ProjectConfigurationPlatforms) = postSolution
		{94BBB37C-5BD3-41EC-BA38-DBAD6379CF63}.Ad-Hoc|Any CPU.ActiveCfg = Release|Any CPU
		{94BBB37C-5BD3-41EC-BA38-DBAD6379CF63}.Ad-Hoc|Any CPU.Build.0 = Release|Any CPU
		{94BBB37C-5BD3-41EC-BA38-DBAD6379CF63}.Ad-Hoc|Any CPU.Deploy.0 = Release|Any CPU
		{94BBB37C-5BD3-41EC-BA38-DBAD6379CF63}.Ad-Hoc|iPhone.ActiveCfg = Release|Any CPU
		{94BBB37C-5BD3-41EC-BA38-DBAD6379CF63}.Ad-Hoc|iPhone.Build.0 = Release|Any CPU
		{94BBB37C-5BD3-41EC-BA38-DBAD6379CF63}.Ad-Hoc|iPhone.Deploy.0 = Release|Any CPU
		{94BBB37C-5BD3-41EC-BA38-DBAD6379CF63}.Ad-Hoc|iPhoneSimulator.ActiveCfg = Release|Any CPU
		{94BBB37C-5BD3-41EC-BA38-DBAD6379CF63}.Ad-Hoc|iPhoneSimulator.Build.0 = Release|Any CPU
		{94BBB37C-5BD3-41EC-BA38-DBAD6379CF63}.Ad-Hoc|iPhoneSimulator.Deploy.0 = Release|Any CPU
		{94BBB37C-5BD3-41EC-BA38-DBAD6379CF63}.AppStore|Any CPU.ActiveCfg = Release|Any CPU
		{94BBB37C-5BD3-41EC-BA38-DBAD6379CF63}.AppStore|Any CPU.Build.0 = Release|Any CPU
		{94BBB37C-5BD3-41EC-BA38-DBAD6379CF63}.AppStore|Any CPU.Deploy.0 = Release|Any CPU
		{94BBB37C-5BD3-41EC-BA38-DBAD6379CF63}.AppStore|iPhone.ActiveCfg = Release|Any CPU
		{94BBB37C-5BD3-41EC-BA38-DBAD6379CF63}.AppStore|iPhone.Build.0 = Release|Any CPU
		{94BBB37C-5BD3-41EC-BA38-DBAD6379CF63}.AppStore|iPhone.Deploy.0 = Release|Any CPU
		{94BBB37C-5BD3-41EC-BA38-DBAD6379CF63}.AppStore|iPhoneSimulator.ActiveCfg = Release|Any CPU
		{94BBB37C-5BD3-41EC-BA38-DBAD6379CF63}.AppStore|iPhoneSimulator.Build.0 = Release|Any CPU
		{94BBB37C-5BD3-41EC-BA38-DBAD6379CF63}.AppStore|iPhoneSimulator.Deploy.0 = Release|Any CPU
		{94BBB37C-5BD3-41EC-BA38-DBAD6379CF63}.Debug|Any CPU.ActiveCfg = Debug|Any CPU
		{94BBB37C-5BD3-41EC-BA38-DBAD6379CF63}.Debug|Any CPU.Build.0 = Debug|Any CPU
		{94BBB37C-5BD3-41EC-BA38-DBAD6379CF63}.Debug|Any CPU.Deploy.0 = Debug|Any CPU
		{94BBB37C-5BD3-41EC-BA38-DBAD6379CF63}.Debug|iPhone.ActiveCfg = Debug|Any CPU
		{94BBB37C-5BD3-41EC-BA38-DBAD6379CF63}.Debug|iPhone.Build.0 = Debug|Any CPU
		{94BBB37C-5BD3-41EC-BA38-DBAD6379CF63}.Debug|iPhone.Deploy.0 = Debug|Any CPU
		{94BBB37C-5BD3-41EC-BA38-DBAD6379CF63}.Debug|iPhoneSimulator.ActiveCfg = Debug|Any CPU
		{94BBB37C-5BD3-41EC-BA38-DBAD6379CF63}.Debug|iPhoneSimulator.Build.0 = Debug|Any CPU
		{94BBB37C-5BD3-41EC-BA38-DBAD6379CF63}.Debug|iPhoneSimulator.Deploy.0 = Debug|Any CPU
		{94BBB37C-5BD3-41EC-BA38-DBAD6379CF63}.Release|Any CPU.ActiveCfg = Release|Any CPU
		{94BBB37C-5BD3-41EC-BA38-DBAD6379CF63}.Release|Any CPU.Build.0 = Release|Any CPU
		{94BBB37C-5BD3-41EC-BA38-DBAD6379CF63}.Release|Any CPU.Deploy.0 = Release|Any CPU
		{94BBB37C-5BD3-41EC-BA38-DBAD6379CF63}.Release|iPhone.ActiveCfg = Release|Any CPU
		{94BBB37C-5BD3-41EC-BA38-DBAD6379CF63}.Release|iPhone.Build.0 = Release|Any CPU
		{94BBB37C-5BD3-41EC-BA38-DBAD6379CF63}.Release|iPhone.Deploy.0 = Release|Any CPU
		{94BBB37C-5BD3-41EC-BA38-DBAD6379CF63}.Release|iPhoneSimulator.ActiveCfg = Release|Any CPU
		{94BBB37C-5BD3-41EC-BA38-DBAD6379CF63}.Release|iPhoneSimulator.Build.0 = Release|Any CPU
		{94BBB37C-5BD3-41EC-BA38-DBAD6379CF63}.Release|iPhoneSimulator.Deploy.0 = Release|Any CPU
		{3E0FAC90-A78A-4E28-86F1-89E395CFE418}.Ad-Hoc|Any CPU.ActiveCfg = Ad-Hoc|iPhone
		{3E0FAC90-A78A-4E28-86F1-89E395CFE418}.Ad-Hoc|Any CPU.Build.0 = Ad-Hoc|iPhone
		{3E0FAC90-A78A-4E28-86F1-89E395CFE418}.Ad-Hoc|Any CPU.Deploy.0 = Ad-Hoc|iPhone
		{3E0FAC90-A78A-4E28-86F1-89E395CFE418}.Ad-Hoc|iPhone.ActiveCfg = Ad-Hoc|iPhone
		{3E0FAC90-A78A-4E28-86F1-89E395CFE418}.Ad-Hoc|iPhone.Build.0 = Ad-Hoc|iPhone
		{3E0FAC90-A78A-4E28-86F1-89E395CFE418}.Ad-Hoc|iPhone.Deploy.0 = Ad-Hoc|iPhone
		{3E0FAC90-A78A-4E28-86F1-89E395CFE418}.Ad-Hoc|iPhoneSimulator.ActiveCfg = Ad-Hoc|iPhoneSimulator
		{3E0FAC90-A78A-4E28-86F1-89E395CFE418}.Ad-Hoc|iPhoneSimulator.Build.0 = Ad-Hoc|iPhoneSimulator
		{3E0FAC90-A78A-4E28-86F1-89E395CFE418}.Ad-Hoc|iPhoneSimulator.Deploy.0 = Ad-Hoc|iPhoneSimulator
		{3E0FAC90-A78A-4E28-86F1-89E395CFE418}.AppStore|Any CPU.ActiveCfg = AppStore|iPhone
		{3E0FAC90-A78A-4E28-86F1-89E395CFE418}.AppStore|Any CPU.Build.0 = AppStore|iPhone
		{3E0FAC90-A78A-4E28-86F1-89E395CFE418}.AppStore|Any CPU.Deploy.0 = AppStore|iPhone
		{3E0FAC90-A78A-4E28-86F1-89E395CFE418}.AppStore|iPhone.ActiveCfg = AppStore|iPhone
		{3E0FAC90-A78A-4E28-86F1-89E395CFE418}.AppStore|iPhone.Build.0 = AppStore|iPhone
		{3E0FAC90-A78A-4E28-86F1-89E395CFE418}.AppStore|iPhone.Deploy.0 = AppStore|iPhone
		{3E0FAC90-A78A-4E28-86F1-89E395CFE418}.AppStore|iPhoneSimulator.ActiveCfg = AppStore|iPhoneSimulator
		{3E0FAC90-A78A-4E28-86F1-89E395CFE418}.AppStore|iPhoneSimulator.Build.0 = AppStore|iPhoneSimulator
		{3E0FAC90-A78A-4E28-86F1-89E395CFE418}.AppStore|iPhoneSimulator.Deploy.0 = AppStore|iPhoneSimulator
		{3E0FAC90-A78A-4E28-86F1-89E395CFE418}.Debug|Any CPU.ActiveCfg = Debug|iPhoneSimulator
		{3E0FAC90-A78A-4E28-86F1-89E395CFE418}.Debug|Any CPU.Build.0 = Debug|iPhoneSimulator
		{3E0FAC90-A78A-4E28-86F1-89E395CFE418}.Debug|Any CPU.Deploy.0 = Debug|iPhoneSimulator
		{3E0FAC90-A78A-4E28-86F1-89E395CFE418}.Debug|iPhone.ActiveCfg = Debug|iPhone
		{3E0FAC90-A78A-4E28-86F1-89E395CFE418}.Debug|iPhone.Build.0 = Debug|iPhone
		{3E0FAC90-A78A-4E28-86F1-89E395CFE418}.Debug|iPhone.Deploy.0 = Debug|iPhone
		{3E0FAC90-A78A-4E28-86F1-89E395CFE418}.Debug|iPhoneSimulator.ActiveCfg = Debug|iPhoneSimulator
		{3E0FAC90-A78A-4E28-86F1-89E395CFE418}.Debug|iPhoneSimulator.Build.0 = Debug|iPhoneSimulator
		{3E0FAC90-A78A-4E28-86F1-89E395CFE418}.Debug|iPhoneSimulator.Deploy.0 = Debug|iPhoneSimulator
		{3E0FAC90-A78A-4E28-86F1-89E395CFE418}.Release|Any CPU.ActiveCfg = Release|iPhone
		{3E0FAC90-A78A-4E28-86F1-89E395CFE418}.Release|Any CPU.Build.0 = Release|iPhone
		{3E0FAC90-A78A-4E28-86F1-89E395CFE418}.Release|Any CPU.Deploy.0 = Release|iPhone
		{3E0FAC90-A78A-4E28-86F1-89E395CFE418}.Release|iPhone.ActiveCfg = Release|iPhone
		{3E0FAC90-A78A-4E28-86F1-89E395CFE418}.Release|iPhone.Build.0 = Release|iPhone
		{3E0FAC90-A78A-4E28-86F1-89E395CFE418}.Release|iPhone.Deploy.0 = Release|iPhone
		{3E0FAC90-A78A-4E28-86F1-89E395CFE418}.Release|iPhoneSimulator.ActiveCfg = Release|iPhoneSimulator
		{3E0FAC90-A78A-4E28-86F1-89E395CFE418}.Release|iPhoneSimulator.Build.0 = Release|iPhoneSimulator
		{3E0FAC90-A78A-4E28-86F1-89E395CFE418}.Release|iPhoneSimulator.Deploy.0 = Release|iPhoneSimulator
		{B0211C92-2E0E-429F-8FE3-5FE75A14A856}.Ad-Hoc|Any CPU.ActiveCfg = Debug|Any CPU
		{B0211C92-2E0E-429F-8FE3-5FE75A14A856}.Ad-Hoc|Any CPU.Build.0 = Debug|Any CPU
		{B0211C92-2E0E-429F-8FE3-5FE75A14A856}.Ad-Hoc|Any CPU.Deploy.0 = Debug|Any CPU
		{B0211C92-2E0E-429F-8FE3-5FE75A14A856}.Ad-Hoc|iPhone.ActiveCfg = Debug|Any CPU
		{B0211C92-2E0E-429F-8FE3-5FE75A14A856}.Ad-Hoc|iPhone.Build.0 = Debug|Any CPU
		{B0211C92-2E0E-429F-8FE3-5FE75A14A856}.Ad-Hoc|iPhone.Deploy.0 = Debug|Any CPU
		{B0211C92-2E0E-429F-8FE3-5FE75A14A856}.Ad-Hoc|iPhoneSimulator.ActiveCfg = Debug|Any CPU
		{B0211C92-2E0E-429F-8FE3-5FE75A14A856}.Ad-Hoc|iPhoneSimulator.Build.0 = Debug|Any CPU
		{B0211C92-2E0E-429F-8FE3-5FE75A14A856}.Ad-Hoc|iPhoneSimulator.Deploy.0 = Debug|Any CPU
		{B0211C92-2E0E-429F-8FE3-5FE75A14A856}.AppStore|Any CPU.ActiveCfg = Debug|Any CPU
		{B0211C92-2E0E-429F-8FE3-5FE75A14A856}.AppStore|Any CPU.Build.0 = Debug|Any CPU
		{B0211C92-2E0E-429F-8FE3-5FE75A14A856}.AppStore|Any CPU.Deploy.0 = Debug|Any CPU
		{B0211C92-2E0E-429F-8FE3-5FE75A14A856}.AppStore|iPhone.ActiveCfg = Debug|Any CPU
		{B0211C92-2E0E-429F-8FE3-5FE75A14A856}.AppStore|iPhone.Build.0 = Debug|Any CPU
		{B0211C92-2E0E-429F-8FE3-5FE75A14A856}.AppStore|iPhone.Deploy.0 = Debug|Any CPU
		{B0211C92-2E0E-429F-8FE3-5FE75A14A856}.AppStore|iPhoneSimulator.ActiveCfg = Debug|Any CPU
		{B0211C92-2E0E-429F-8FE3-5FE75A14A856}.AppStore|iPhoneSimulator.Build.0 = Debug|Any CPU
		{B0211C92-2E0E-429F-8FE3-5FE75A14A856}.AppStore|iPhoneSimulator.Deploy.0 = Debug|Any CPU
		{B0211C92-2E0E-429F-8FE3-5FE75A14A856}.Debug|Any CPU.ActiveCfg = Debug|Any CPU
		{B0211C92-2E0E-429F-8FE3-5FE75A14A856}.Debug|Any CPU.Build.0 = Debug|Any CPU
		{B0211C92-2E0E-429F-8FE3-5FE75A14A856}.Debug|Any CPU.Deploy.0 = Debug|Any CPU
		{B0211C92-2E0E-429F-8FE3-5FE75A14A856}.Debug|iPhone.ActiveCfg = Debug|Any CPU
		{B0211C92-2E0E-429F-8FE3-5FE75A14A856}.Debug|iPhone.Build.0 = Debug|Any CPU
		{B0211C92-2E0E-429F-8FE3-5FE75A14A856}.Debug|iPhone.Deploy.0 = Debug|Any CPU
		{B0211C92-2E0E-429F-8FE3-5FE75A14A856}.Debug|iPhoneSimulator.ActiveCfg = Debug|Any CPU
		{B0211C92-2E0E-429F-8FE3-5FE75A14A856}.Debug|iPhoneSimulator.Build.0 = Debug|Any CPU
		{B0211C92-2E0E-429F-8FE3-5FE75A14A856}.Debug|iPhoneSimulator.Deploy.0 = Debug|Any CPU
		{B0211C92-2E0E-429F-8FE3-5FE75A14A856}.Release|Any CPU.ActiveCfg = Release|Any CPU
		{B0211C92-2E0E-429F-8FE3-5FE75A14A856}.Release|Any CPU.Build.0 = Release|Any CPU
		{B0211C92-2E0E-429F-8FE3-5FE75A14A856}.Release|Any CPU.Deploy.0 = Release|Any CPU
		{B0211C92-2E0E-429F-8FE3-5FE75A14A856}.Release|iPhone.ActiveCfg = Release|Any CPU
		{B0211C92-2E0E-429F-8FE3-5FE75A14A856}.Release|iPhone.Build.0 = Release|Any CPU
		{B0211C92-2E0E-429F-8FE3-5FE75A14A856}.Release|iPhone.Deploy.0 = Release|Any CPU
		{B0211C92-2E0E-429F-8FE3-5FE75A14A856}.Release|iPhoneSimulator.ActiveCfg = Release|Any CPU
		{B0211C92-2E0E-429F-8FE3-5FE75A14A856}.Release|iPhoneSimulator.Build.0 = Release|Any CPU
		{B0211C92-2E0E-429F-8FE3-5FE75A14A856}.Release|iPhoneSimulator.Deploy.0 = Release|Any CPU
	EndGlobalSection
	GlobalSection(SolutionProperties) = preSolution
		HideSolutionNode = FALSE
	EndGlobalSection
	GlobalSection(ExtensibilityGlobals) = postSolution
		SolutionGuid = {73EE0CD9-F163-4AE6-A49B-83E1B1062EAA}
	EndGlobalSection
EndGlobal
